{
  "lockfileVersion": 1,
  "workspaces": {
    "": {
      "name": "slidesk.link",
      "dependencies": {
        "@bogeychan/elysia-oauth2": "^0.1.0",
        "@elysiajs/cron": "^1.2.0",
        "@elysiajs/jwt": "^1.2.0",
        "@elysiajs/static": "^1.2.0",
        "@prisma/client": "^6.6.0",
        "elysia": "^1.2.25",
        "tar": "^7.4.3",
      },
      "devDependencies": {
        "@types/bun": "latest",
        "@types/minify": "^9.1.4",
        "minify": "^14.0.0",
        "prisma": "^6.6.0",
      },
      "peerDependencies": {
        "typescript": "^5.0.0",
      },
    },
  },
  "packages": {
    "@bogeychan/elysia-oauth2": ["@bogeychan/elysia-oauth2@0.1.0", "", { "peerDependencies": { "elysia": ">= 1.2.12" } }, "sha512-VEwuJYuEYYO4FHMeqhpoQz0Gj/kMhL1kL2aHl2vRkSxfSFTBxqCOD1yXH/yIeKYyYhLSWiN73eoPskcO12n9hQ=="],

    "@elysiajs/cron": ["@elysiajs/cron@1.2.0", "", { "dependencies": { "croner": "^6.0.3" }, "peerDependencies": { "elysia": ">= 1.2.0" } }, "sha512-Xg2bUCZNEp2zRzsYeNQ6BUP3uslF5BEPnuLHLnsytiAEqzFTHzS7813XbmHs8xNZKuUAkAnJNTVnQb1Jt5zTwg=="],

    "@elysiajs/jwt": ["@elysiajs/jwt@1.2.0", "", { "dependencies": { "jose": "^4.14.4" }, "peerDependencies": { "elysia": ">= 1.2.0" } }, "sha512-5iMoZucIKNAqPKW3n6RBIyCnDWG3kOcqA4WZKtqEff+IjV6AN3dlMSE2XsS0xjIvusLD0UBXS8cxQ9NwIcj6ew=="],

    "@elysiajs/static": ["@elysiajs/static@1.2.0", "", { "dependencies": { "node-cache": "^5.1.2" }, "peerDependencies": { "elysia": ">= 1.2.0" } }, "sha512-oLpAi8c+maPpA0XhhK3BELaIjIG+nXg/K9p8cFfW4q5ayRD59a3MOMOOGgpiXZkHJzLPWcouhhyyLAYtaANW4g=="],

    "@esbuild/aix-ppc64": ["@esbuild/aix-ppc64@0.25.2", "", { "os": "aix", "cpu": "ppc64" }, "sha512-wCIboOL2yXZym2cgm6mlA742s9QeJ8DjGVaL39dLN4rRwrOgOyYSnOaFPhKZGLb2ngj4EyfAFjsNJwPXZvseag=="],

    "@esbuild/android-arm": ["@esbuild/android-arm@0.25.2", "", { "os": "android", "cpu": "arm" }, "sha512-NQhH7jFstVY5x8CKbcfa166GoV0EFkaPkCKBQkdPJFvo5u+nGXLEH/ooniLb3QI8Fk58YAx7nsPLozUWfCBOJA=="],

    "@esbuild/android-arm64": ["@esbuild/android-arm64@0.25.2", "", { "os": "android", "cpu": "arm64" }, "sha512-5ZAX5xOmTligeBaeNEPnPaeEuah53Id2tX4c2CVP3JaROTH+j4fnfHCkr1PjXMd78hMst+TlkfKcW/DlTq0i4w=="],

    "@esbuild/android-x64": ["@esbuild/android-x64@0.25.2", "", { "os": "android", "cpu": "x64" }, "sha512-Ffcx+nnma8Sge4jzddPHCZVRvIfQ0kMsUsCMcJRHkGJ1cDmhe4SsrYIjLUKn1xpHZybmOqCWwB0zQvsjdEHtkg=="],

    "@esbuild/darwin-arm64": ["@esbuild/darwin-arm64@0.25.2", "", { "os": "darwin", "cpu": "arm64" }, "sha512-MpM6LUVTXAzOvN4KbjzU/q5smzryuoNjlriAIx+06RpecwCkL9JpenNzpKd2YMzLJFOdPqBpuub6eVRP5IgiSA=="],

    "@esbuild/darwin-x64": ["@esbuild/darwin-x64@0.25.2", "", { "os": "darwin", "cpu": "x64" }, "sha512-5eRPrTX7wFyuWe8FqEFPG2cU0+butQQVNcT4sVipqjLYQjjh8a8+vUTfgBKM88ObB85ahsnTwF7PSIt6PG+QkA=="],

    "@esbuild/freebsd-arm64": ["@esbuild/freebsd-arm64@0.25.2", "", { "os": "freebsd", "cpu": "arm64" }, "sha512-mLwm4vXKiQ2UTSX4+ImyiPdiHjiZhIaE9QvC7sw0tZ6HoNMjYAqQpGyui5VRIi5sGd+uWq940gdCbY3VLvsO1w=="],

    "@esbuild/freebsd-x64": ["@esbuild/freebsd-x64@0.25.2", "", { "os": "freebsd", "cpu": "x64" }, "sha512-6qyyn6TjayJSwGpm8J9QYYGQcRgc90nmfdUb0O7pp1s4lTY+9D0H9O02v5JqGApUyiHOtkz6+1hZNvNtEhbwRQ=="],

    "@esbuild/linux-arm": ["@esbuild/linux-arm@0.25.2", "", { "os": "linux", "cpu": "arm" }, "sha512-UHBRgJcmjJv5oeQF8EpTRZs/1knq6loLxTsjc3nxO9eXAPDLcWW55flrMVc97qFPbmZP31ta1AZVUKQzKTzb0g=="],

    "@esbuild/linux-arm64": ["@esbuild/linux-arm64@0.25.2", "", { "os": "linux", "cpu": "arm64" }, "sha512-gq/sjLsOyMT19I8obBISvhoYiZIAaGF8JpeXu1u8yPv8BE5HlWYobmlsfijFIZ9hIVGYkbdFhEqC0NvM4kNO0g=="],

    "@esbuild/linux-ia32": ["@esbuild/linux-ia32@0.25.2", "", { "os": "linux", "cpu": "ia32" }, "sha512-bBYCv9obgW2cBP+2ZWfjYTU+f5cxRoGGQ5SeDbYdFCAZpYWrfjjfYwvUpP8MlKbP0nwZ5gyOU/0aUzZ5HWPuvQ=="],

    "@esbuild/linux-loong64": ["@esbuild/linux-loong64@0.25.2", "", { "os": "linux", "cpu": "none" }, "sha512-SHNGiKtvnU2dBlM5D8CXRFdd+6etgZ9dXfaPCeJtz+37PIUlixvlIhI23L5khKXs3DIzAn9V8v+qb1TRKrgT5w=="],

    "@esbuild/linux-mips64el": ["@esbuild/linux-mips64el@0.25.2", "", { "os": "linux", "cpu": "none" }, "sha512-hDDRlzE6rPeoj+5fsADqdUZl1OzqDYow4TB4Y/3PlKBD0ph1e6uPHzIQcv2Z65u2K0kpeByIyAjCmjn1hJgG0Q=="],

    "@esbuild/linux-ppc64": ["@esbuild/linux-ppc64@0.25.2", "", { "os": "linux", "cpu": "ppc64" }, "sha512-tsHu2RRSWzipmUi9UBDEzc0nLc4HtpZEI5Ba+Omms5456x5WaNuiG3u7xh5AO6sipnJ9r4cRWQB2tUjPyIkc6g=="],

    "@esbuild/linux-riscv64": ["@esbuild/linux-riscv64@0.25.2", "", { "os": "linux", "cpu": "none" }, "sha512-k4LtpgV7NJQOml/10uPU0s4SAXGnowi5qBSjaLWMojNCUICNu7TshqHLAEbkBdAszL5TabfvQ48kK84hyFzjnw=="],

    "@esbuild/linux-s390x": ["@esbuild/linux-s390x@0.25.2", "", { "os": "linux", "cpu": "s390x" }, "sha512-GRa4IshOdvKY7M/rDpRR3gkiTNp34M0eLTaC1a08gNrh4u488aPhuZOCpkF6+2wl3zAN7L7XIpOFBhnaE3/Q8Q=="],

    "@esbuild/linux-x64": ["@esbuild/linux-x64@0.25.2", "", { "os": "linux", "cpu": "x64" }, "sha512-QInHERlqpTTZ4FRB0fROQWXcYRD64lAoiegezDunLpalZMjcUcld3YzZmVJ2H/Cp0wJRZ8Xtjtj0cEHhYc/uUg=="],

    "@esbuild/netbsd-arm64": ["@esbuild/netbsd-arm64@0.25.2", "", { "os": "none", "cpu": "arm64" }, "sha512-talAIBoY5M8vHc6EeI2WW9d/CkiO9MQJ0IOWX8hrLhxGbro/vBXJvaQXefW2cP0z0nQVTdQ/eNyGFV1GSKrxfw=="],

    "@esbuild/netbsd-x64": ["@esbuild/netbsd-x64@0.25.2", "", { "os": "none", "cpu": "x64" }, "sha512-voZT9Z+tpOxrvfKFyfDYPc4DO4rk06qamv1a/fkuzHpiVBMOhpjK+vBmWM8J1eiB3OLSMFYNaOaBNLXGChf5tg=="],

    "@esbuild/openbsd-arm64": ["@esbuild/openbsd-arm64@0.25.2", "", { "os": "openbsd", "cpu": "arm64" }, "sha512-dcXYOC6NXOqcykeDlwId9kB6OkPUxOEqU+rkrYVqJbK2hagWOMrsTGsMr8+rW02M+d5Op5NNlgMmjzecaRf7Tg=="],

    "@esbuild/openbsd-x64": ["@esbuild/openbsd-x64@0.25.2", "", { "os": "openbsd", "cpu": "x64" }, "sha512-t/TkWwahkH0Tsgoq1Ju7QfgGhArkGLkF1uYz8nQS/PPFlXbP5YgRpqQR3ARRiC2iXoLTWFxc6DJMSK10dVXluw=="],

    "@esbuild/sunos-x64": ["@esbuild/sunos-x64@0.25.2", "", { "os": "sunos", "cpu": "x64" }, "sha512-cfZH1co2+imVdWCjd+D1gf9NjkchVhhdpgb1q5y6Hcv9TP6Zi9ZG/beI3ig8TvwT9lH9dlxLq5MQBBgwuj4xvA=="],

    "@esbuild/win32-arm64": ["@esbuild/win32-arm64@0.25.2", "", { "os": "win32", "cpu": "arm64" }, "sha512-7Loyjh+D/Nx/sOTzV8vfbB3GJuHdOQyrOryFdZvPHLf42Tk9ivBU5Aedi7iyX+x6rbn2Mh68T4qq1SDqJBQO5Q=="],

    "@esbuild/win32-ia32": ["@esbuild/win32-ia32@0.25.2", "", { "os": "win32", "cpu": "ia32" }, "sha512-WRJgsz9un0nqZJ4MfhabxaD9Ft8KioqU3JMinOTvobbX6MOSUigSBlogP8QB3uxpJDsFS6yN+3FDBdqE5lg9kg=="],

    "@esbuild/win32-x64": ["@esbuild/win32-x64@0.25.2", "", { "os": "win32", "cpu": "x64" }, "sha512-kM3HKb16VIXZyIeVrM1ygYmZBKybX8N4p754bw390wGO3Tf2j4L2/WYL+4suWujpgf6GBYs3jv7TyUivdd05JA=="],

    "@isaacs/fs-minipass": ["@isaacs/fs-minipass@4.0.1", "", { "dependencies": { "minipass": "^7.0.4" } }, "sha512-wgm9Ehl2jpeqP3zw/7mo3kRHFp5MEDhqAdwy1fTGkHAwnkGOVsgpvQhL8B5n1qlb01jV3n/bI0ZfZp5lWA1k4w=="],

    "@jridgewell/gen-mapping": ["@jridgewell/gen-mapping@0.3.8", "", { "dependencies": { "@jridgewell/set-array": "^1.2.1", "@jridgewell/sourcemap-codec": "^1.4.10", "@jridgewell/trace-mapping": "^0.3.24" } }, "sha512-imAbBGkb+ebQyxKgzv5Hu2nmROxoDOXHh80evxdoXNOrvAnVx7zimzc1Oo5h9RlfV4vPXaE2iM5pOFbvOCClWA=="],

    "@jridgewell/resolve-uri": ["@jridgewell/resolve-uri@3.1.2", "", {}, "sha512-bRISgCIjP20/tbWSPWMEi54QVPRZExkuD9lJL+UIxUKtwVJA8wW1Trb1jMs1RFXo1CBTNZ/5hpC9QvmKWdopKw=="],

    "@jridgewell/set-array": ["@jridgewell/set-array@1.2.1", "", {}, "sha512-R8gLRTZeyp03ymzP/6Lil/28tGeGEzhx1q2k703KGWRAI1VdvPIXdG70VJc2pAMw3NA6JKL5hhFu1sJX0Mnn/A=="],

    "@jridgewell/source-map": ["@jridgewell/source-map@0.3.6", "", { "dependencies": { "@jridgewell/gen-mapping": "^0.3.5", "@jridgewell/trace-mapping": "^0.3.25" } }, "sha512-1ZJTZebgqllO79ue2bm3rIGud/bOe0pP5BjSRCRxxYkEZS8STV7zN84UBbiYu7jy+eCKSnVIUgoWWE/tt+shMQ=="],

    "@jridgewell/sourcemap-codec": ["@jridgewell/sourcemap-codec@1.5.0", "", {}, "sha512-gv3ZRaISU3fjPAgNsriBRqGWQL6quFx04YMPW/zD8XMLsU32mhCCbfbO6KZFLjvYpCZ8zyDEgqsgf+PwPaM7GQ=="],

    "@jridgewell/trace-mapping": ["@jridgewell/trace-mapping@0.3.25", "", { "dependencies": { "@jridgewell/resolve-uri": "^3.1.0", "@jridgewell/sourcemap-codec": "^1.4.14" } }, "sha512-vNk6aEwybGtawWmy/PzwnGDOjCkLWSD2wqvjGGAgOAwCGWySYXfYoxt00IJkTF+8Lb57DwOb3Aa0o9CApepiYQ=="],

    "@prisma/client": ["@prisma/client@6.6.0", "", { "peerDependencies": { "prisma": "*", "typescript": ">=5.1.0" }, "optionalPeers": ["prisma", "typescript"] }, "sha512-vfp73YT/BHsWWOAuthKQ/1lBgESSqYqAWZEYyTdGXyFAHpmewwWL2Iz6ErIzkj4aHbuc6/cGSsE6ZY+pBO04Cg=="],

    "@prisma/config": ["@prisma/config@6.6.0", "", { "dependencies": { "esbuild": ">=0.12 <1", "esbuild-register": "3.6.0" } }, "sha512-d8FlXRHsx72RbN8nA2QCRORNv5AcUnPXgtPvwhXmYkQSMF/j9cKaJg+9VcUzBRXGy9QBckNzEQDEJZdEOZ+ubA=="],

    "@prisma/debug": ["@prisma/debug@6.6.0", "", {}, "sha512-DL6n4IKlW5k2LEXzpN60SQ1kP/F6fqaCgU/McgaYsxSf43GZ8lwtmXLke9efS+L1uGmrhtBUP4npV/QKF8s2ZQ=="],

    "@prisma/engines": ["@prisma/engines@6.6.0", "", { "dependencies": { "@prisma/debug": "6.6.0", "@prisma/engines-version": "6.6.0-53.f676762280b54cd07c770017ed3711ddde35f37a", "@prisma/fetch-engine": "6.6.0", "@prisma/get-platform": "6.6.0" } }, "sha512-nC0IV4NHh7500cozD1fBoTwTD1ydJERndreIjpZr/S3mno3P6tm8qnXmIND5SwUkibNeSJMpgl4gAnlqJ/gVlg=="],

    "@prisma/engines-version": ["@prisma/engines-version@6.6.0-53.f676762280b54cd07c770017ed3711ddde35f37a", "", {}, "sha512-JzRaQ5Em1fuEcbR3nUsMNYaIYrOT1iMheenjCvzZblJcjv/3JIuxXN7RCNT5i6lRkLodW5ojCGhR7n5yvnNKrw=="],

    "@prisma/fetch-engine": ["@prisma/fetch-engine@6.6.0", "", { "dependencies": { "@prisma/debug": "6.6.0", "@prisma/engines-version": "6.6.0-53.f676762280b54cd07c770017ed3711ddde35f37a", "@prisma/get-platform": "6.6.0" } }, "sha512-Ohfo8gKp05LFLZaBlPUApM0M7k43a0jmo86YY35u1/4t+vuQH9mRGU7jGwVzGFY3v+9edeb/cowb1oG4buM1yw=="],

    "@prisma/get-platform": ["@prisma/get-platform@6.6.0", "", { "dependencies": { "@prisma/debug": "6.6.0" } }, "sha512-3qCwmnT4Jh5WCGUrkWcc6VZaw0JY7eWN175/pcb5Z6FiLZZ3ygY93UX0WuV41bG51a6JN/oBH0uywJ90Y+V5eA=="],

    "@putout/minify": ["@putout/minify@5.0.1", "", {}, "sha512-5aHJX9fNV4S7q9YnVHKCUn4TF97Bqp3emoH5pIBYd3oVgSqH2iG4khBT5ndKQ7uMYZYMNaA3XcRiRX1HGihQ3Q=="],

    "@sinclair/typebox": ["@sinclair/typebox@0.34.33", "", {}, "sha512-5HAV9exOMcXRUxo+9iYB5n09XxzCXnfy4VTNW4xnDv+FgjzAGY989C28BIdljKqmF+ZltUwujE3aossvcVtq6g=="],

    "@swc/core": ["@swc/core@1.11.22", "", { "dependencies": { "@swc/counter": "^0.1.3", "@swc/types": "^0.1.21" }, "optionalDependencies": { "@swc/core-darwin-arm64": "1.11.22", "@swc/core-darwin-x64": "1.11.22", "@swc/core-linux-arm-gnueabihf": "1.11.22", "@swc/core-linux-arm64-gnu": "1.11.22", "@swc/core-linux-arm64-musl": "1.11.22", "@swc/core-linux-x64-gnu": "1.11.22", "@swc/core-linux-x64-musl": "1.11.22", "@swc/core-win32-arm64-msvc": "1.11.22", "@swc/core-win32-ia32-msvc": "1.11.22", "@swc/core-win32-x64-msvc": "1.11.22" }, "peerDependencies": { "@swc/helpers": ">=0.5.17" }, "optionalPeers": ["@swc/helpers"] }, "sha512-mjPYbqq8XjwqSE0hEPT9CzaJDyxql97LgK4iyvYlwVSQhdN1uK0DBG4eP9PxYzCS2MUGAXB34WFLegdUj5HGpg=="],

    "@swc/core-darwin-arm64": ["@swc/core-darwin-arm64@1.11.22", "", { "os": "darwin", "cpu": "arm64" }, "sha512-upSiFQfo1TE2QM3+KpBcp5SrOdKKjoc+oUoD1mmBDU2Wv4Bjjv16Z2I5ADvIqMV+b87AhYW+4Qu6iVrQD7j96Q=="],

    "@swc/core-darwin-x64": ["@swc/core-darwin-x64@1.11.22", "", { "os": "darwin", "cpu": "x64" }, "sha512-8PEuF/gxIMJVK21DjuCOtzdqstn2DqnxVhpAYfXEtm3WmMqLIOIZBypF/xafAozyaHws4aB/5xmz8/7rPsjavw=="],

    "@swc/core-linux-arm-gnueabihf": ["@swc/core-linux-arm-gnueabihf@1.11.22", "", { "os": "linux", "cpu": "arm" }, "sha512-NIPTXvqtn9e7oQHgdaxM9Z/anHoXC3Fg4ZAgw5rSGa1OlnKKupt5sdfJamNggSi+eAtyoFcyfkgqHnfe2u63HA=="],

    "@swc/core-linux-arm64-gnu": ["@swc/core-linux-arm64-gnu@1.11.22", "", { "os": "linux", "cpu": "arm64" }, "sha512-xZ+bgS60c5r8kAeYsLNjJJhhQNkXdidQ277pUabSlu5GjR0CkQUPQ+L9hFeHf8DITEqpPBPRiAiiJsWq5eqMBg=="],

    "@swc/core-linux-arm64-musl": ["@swc/core-linux-arm64-musl@1.11.22", "", { "os": "linux", "cpu": "arm64" }, "sha512-JhrP/q5VqQl2eJR0xKYIkKTPjgf8CRsAmRnjJA2PtZhfQ543YbYvUqxyXSRyBOxdyX8JwzuAxIPEAlKlT7PPuQ=="],

    "@swc/core-linux-x64-gnu": ["@swc/core-linux-x64-gnu@1.11.22", "", { "os": "linux", "cpu": "x64" }, "sha512-htmAVL+U01gk9GyziVUP0UWYaUQBgrsiP7Ytf6uDffrySyn/FclUS3MDPocNydqYsOpj3OpNKPxkaHK+F+X5fg=="],

    "@swc/core-linux-x64-musl": ["@swc/core-linux-x64-musl@1.11.22", "", { "os": "linux", "cpu": "x64" }, "sha512-PL0VHbduWPX+ANoyOzr58jBiL2VnD0xGSFwPy7NRZ1Pr6SNWm4jw3x2u6RjLArGhS5EcWp64BSk9ZxqmTV3FEg=="],

    "@swc/core-win32-arm64-msvc": ["@swc/core-win32-arm64-msvc@1.11.22", "", { "os": "win32", "cpu": "arm64" }, "sha512-moJvFhhTVGoMeEThtdF7hQog80Q00CS06v5uB+32VRuv+I31+4WPRyGlTWHO+oY4rReNcXut/mlDHPH7p0LdFg=="],

    "@swc/core-win32-ia32-msvc": ["@swc/core-win32-ia32-msvc@1.11.22", "", { "os": "win32", "cpu": "ia32" }, "sha512-/jnsPJJz89F1aKHIb5ScHkwyzBciz2AjEq2m9tDvQdIdVufdJ4SpEDEN9FqsRNRLcBHjtbLs6bnboA+B+pRFXw=="],

    "@swc/core-win32-x64-msvc": ["@swc/core-win32-x64-msvc@1.11.22", "", { "os": "win32", "cpu": "x64" }, "sha512-lc93Y8Mku7LCFGqIxJ91coXZp2HeoDcFZSHCL90Wttg5xhk5xVM9uUCP+OdQsSsEixLF34h5DbT9ObzP8rAdRw=="],

    "@swc/counter": ["@swc/counter@0.1.3", "", {}, "sha512-e2BR4lsJkkRlKZ/qCHPw9ZaSxc0MVUd7gtbtaB7aMvHeJVYe8sOB8DBZkP2DtISHGSku9sCK6T6cnY0CtXrOCQ=="],

    "@swc/types": ["@swc/types@0.1.21", "", { "dependencies": { "@swc/counter": "^0.1.3" } }, "sha512-2YEtj5HJVbKivud9N4bpPBAyZhj4S2Ipe5LkUG94alTpr7in/GU/EARgPAd3BwU+YOmFVJC2+kjqhGRi3r0ZpQ=="],

    "@types/bun": ["@types/bun@1.2.8", "", { "dependencies": { "bun-types": "1.2.7" } }, "sha512-t8L1RvJVUghW5V+M/fL3Thbxcs0HwNsXsnTEBEfEVqGteiJToOlZ/fyOEaR1kZsNqnu+3XA4RI/qmnX4w6+S+w=="],

    "@types/clean-css": ["@types/clean-css@4.2.11", "", { "dependencies": { "@types/node": "*", "source-map": "^0.6.0" } }, "sha512-Y8n81lQVTAfP2TOdtJJEsCoYl1AnOkqDqMvXb9/7pfgZZ7r8YrEyurrAvAoAjHOGXKRybay+5CsExqIH6liccw=="],

    "@types/html-minifier-terser": ["@types/html-minifier-terser@7.0.2", "", {}, "sha512-mm2HqV22l8lFQh4r2oSsOEVea+m0qqxEmwpc9kC1p/XzmjLWrReR9D/GRs8Pex2NX/imyEH9c5IU/7tMBQCHOA=="],

    "@types/minify": ["@types/minify@9.1.4", "", { "dependencies": { "@types/clean-css": "*", "@types/html-minifier-terser": "*", "terser": "^5.3.2" } }, "sha512-zrlLe1E5vKMkWcyaTNpgmuRceT3gyq7arehpUg6CDHmpgO6gT0eb3YHNWgM/kT/bNJcpFh0zV6zgnjY594jFBw=="],

    "@types/node": ["@types/node@22.14.0", "", { "dependencies": { "undici-types": "~6.21.0" } }, "sha512-Kmpl+z84ILoG+3T/zQFyAJsU6EPTmOCj8/2+83fSN6djd6I4o7uOuGIH6vq3PrjY5BGitSbFuMN18j3iknubbA=="],

    "@types/ws": ["@types/ws@8.18.1", "", { "dependencies": { "@types/node": "*" } }, "sha512-ThVF6DCVhA8kUGy+aazFQ4kXQ7E1Ty7A3ypFOe0IcJV8O/M511G99AW24irKrW56Wt44yG9+ij8FaqoBGkuBXg=="],

    "acorn": ["acorn@8.14.1", "", { "bin": { "acorn": "bin/acorn" } }, "sha512-OvQ/2pUDKmgfCg++xsTX1wGxfTaszcHVcTctW4UJB4hibJx2HXxxO5UmVgyjMa+ZDsiaf5wWLXYpRWMmBI0QHg=="],

    "buffer-from": ["buffer-from@1.1.2", "", {}, "sha512-E+XQCRwSbaaiChtv6k6Dwgc+bx+Bs6vuKJHHl5kox/BaKbhiXzqQOwK4cO22yElGp2OCmjwVhT3HmxgyPGnJfQ=="],

    "bun-types": ["bun-types@1.2.7", "", { "dependencies": { "@types/node": "*", "@types/ws": "*" } }, "sha512-P4hHhk7kjF99acXqKvltyuMQ2kf/rzIw3ylEDpCxDS9Xa0X0Yp/gJu/vDCucmWpiur5qJ0lwB2bWzOXa2GlHqA=="],

    "camel-case": ["camel-case@4.1.2", "", { "dependencies": { "pascal-case": "^3.1.2", "tslib": "^2.0.3" } }, "sha512-gxGWBrTT1JuMx6R+o5PTXMmUnhnVzLQ9SNutD4YqKtI6ap897t3tKECYla6gCWEkplXnlNybEkZg9GEGxKFCgw=="],

    "chownr": ["chownr@3.0.0", "", {}, "sha512-+IxzY9BZOQd/XuYPRmrvEVjF/nqj5kgT4kEq7VofrDoM1MxoRjEWkrCC3EtLi59TVawxTAn+orJwFQcrqEN1+g=="],

    "clean-css": ["clean-css@5.3.3", "", { "dependencies": { "source-map": "~0.6.0" } }, "sha512-D5J+kHaVb/wKSFcyyV75uCn8fiY4sV38XJoe4CUyGQ+mOU/fMVYUdH1hJC+CJQ5uY3EnW27SbJYS4X8BiLrAFg=="],

    "clone": ["clone@2.1.2", "", {}, "sha512-3Pe/CF1Nn94hyhIYpjtiLhdCoEoz0DqQ+988E9gmeEdQZlojxnOb74wctFyuwWQHzqyf9X7C7MG8juUpqBJT8w=="],

    "commander": ["commander@2.20.3", "", {}, "sha512-GpVkmM8vF2vQUkj2LvZmD35JxeJOLCwJ9cUkugyk2nuhbv3+mJvpLYYt+0+USMxE+oj+ey/lJEnhZw75x/OMcQ=="],

    "cookie": ["cookie@1.0.2", "", {}, "sha512-9Kr/j4O16ISv8zBBhJoi4bXOYNTkFLOqSL3UDB0njXxCXNezjeyVrJyGOWtgfs/q2km1gwBcfH8q1yEGoMYunA=="],

    "croner": ["croner@6.0.7", "", {}, "sha512-k3Xx3Rcclfr60Yx4TmvsF3Yscuiql8LSvYLaphTsaq5Hk8La4Z/udmUANMOTKpgGGroI2F6/XOr9cU9OFkYluQ=="],

    "css-b64-images": ["css-b64-images@0.2.5", "", { "bin": { "css-b64-images": "bin/css-b64-images" } }, "sha512-TgQBEdP07adhrDfXvI5o6bHGukKBNMzp2Ngckc/6d09zpjD2gc1Hl3Ca1CKgb8FXjHi88+Phv2Uegs2kTL4zjg=="],

    "debug": ["debug@4.4.0", "", { "dependencies": { "ms": "^2.1.3" } }, "sha512-6WTZ/IxCY/T6BALoZHaE4ctp9xm+Z5kY/pzYaCHRFeyVhojxlrm+46y68HA6hr0TcwEssoxNiDEUJQjfPZ/RYA=="],

    "detect-libc": ["detect-libc@2.0.4", "", {}, "sha512-3UDv+G9CsCKO1WKMGw9fwq/SWJYbI0c5Y7LU1AXYoDdbhE2AHQ6N6Nb34sG8Fj7T5APy8qXDCKuuIHd1BR0tVA=="],

    "dot-case": ["dot-case@3.0.4", "", { "dependencies": { "no-case": "^3.0.4", "tslib": "^2.0.3" } }, "sha512-Kv5nKlh6yRrdrGvxeJ2e5y2eRUpkUosIW4A2AS38zwSz27zu7ufDwQPi5Jhs3XAlGNetl3bmnGhQsMtkKJnj3w=="],

    "elysia": ["elysia@1.2.25", "", { "dependencies": { "@sinclair/typebox": "^0.34.27", "cookie": "^1.0.2", "memoirist": "^0.3.0", "openapi-types": "^12.1.3" }, "peerDependencies": { "typescript": ">= 5.0.0" }, "optionalPeers": ["typescript"] }, "sha512-WsdQpORJvb4uszzeqYT0lg97knw1iBW1NTzJ1Jm57tiHg+DfAotlWXYbjmvQ039ssV0fYELDHinLLoUazZkEHg=="],

    "entities": ["entities@4.5.0", "", {}, "sha512-V0hjH4dGPh9Ao5p0MoRY6BVqtwCjhz6vI5LT8AJ55H+4g9/4vbHx1I54fS0XuclLhDHArPQCiMjDxjaL8fPxhw=="],

    "esbuild": ["esbuild@0.25.2", "", { "optionalDependencies": { "@esbuild/aix-ppc64": "0.25.2", "@esbuild/android-arm": "0.25.2", "@esbuild/android-arm64": "0.25.2", "@esbuild/android-x64": "0.25.2", "@esbuild/darwin-arm64": "0.25.2", "@esbuild/darwin-x64": "0.25.2", "@esbuild/freebsd-arm64": "0.25.2", "@esbuild/freebsd-x64": "0.25.2", "@esbuild/linux-arm": "0.25.2", "@esbuild/linux-arm64": "0.25.2", "@esbuild/linux-ia32": "0.25.2", "@esbuild/linux-loong64": "0.25.2", "@esbuild/linux-mips64el": "0.25.2", "@esbuild/linux-ppc64": "0.25.2", "@esbuild/linux-riscv64": "0.25.2", "@esbuild/linux-s390x": "0.25.2", "@esbuild/linux-x64": "0.25.2", "@esbuild/netbsd-arm64": "0.25.2", "@esbuild/netbsd-x64": "0.25.2", "@esbuild/openbsd-arm64": "0.25.2", "@esbuild/openbsd-x64": "0.25.2", "@esbuild/sunos-x64": "0.25.2", "@esbuild/win32-arm64": "0.25.2", "@esbuild/win32-ia32": "0.25.2", "@esbuild/win32-x64": "0.25.2" }, "bin": { "esbuild": "bin/esbuild" } }, "sha512-16854zccKPnC+toMywC+uKNeYSv+/eXkevRAfwRD/G9Cleq66m8XFIrigkbvauLLlCfDL45Q2cWegSg53gGBnQ=="],

    "esbuild-register": ["esbuild-register@3.6.0", "", { "dependencies": { "debug": "^4.3.4" }, "peerDependencies": { "esbuild": ">=0.12 <1" } }, "sha512-H2/S7Pm8a9CL1uhp9OvjwrBh5Pvx0H8qVOxNu8Wed9Y7qv56MPtq+GGM8RJpq6glYJn9Wspr8uw7l55uyinNeg=="],

    "find-up": ["find-up@7.0.0", "", { "dependencies": { "locate-path": "^7.2.0", "path-exists": "^5.0.0", "unicorn-magic": "^0.1.0" } }, "sha512-YyZM99iHrqLKjmt4LJDj58KI+fYyufRLBSYcqycxf//KpBk9FoewoGX0450m9nB44qrZnovzC2oeP5hUibxc/g=="],

    "fsevents": ["fsevents@2.3.3", "", { "os": "darwin" }, "sha512-5xoDfX+fL7faATnagmWPpbFtwh/R77WmMMqqHGS65C3vvB0YHrgF+B1YmZ3441tMj5n63k0212XNoJwzlhffQw=="],

    "html-minifier-terser": ["html-minifier-terser@7.2.0", "", { "dependencies": { "camel-case": "^4.1.2", "clean-css": "~5.3.2", "commander": "^10.0.0", "entities": "^4.4.0", "param-case": "^3.0.4", "relateurl": "^0.2.7", "terser": "^5.15.1" }, "bin": { "html-minifier-terser": "cli.js" } }, "sha512-tXgn3QfqPIpGl9o+K5tpcj3/MN4SfLtsx2GWwBC3SSd0tXQGyF3gsSqad8loJgKZGM3ZxbYDd5yhiBIdWpmvLA=="],

    "jju": ["jju@1.4.0", "", {}, "sha512-8wb9Yw966OSxApiCt0K3yNJL8pnNeIv+OEq2YMidz4FKP6nonSRoOXc80iXY4JaN2FC11B9qsNmDsm+ZOfMROA=="],

    "jose": ["jose@4.15.9", "", {}, "sha512-1vUQX+IdDMVPj4k8kOxgUqlcK518yluMuGZwqlr44FS1ppZB/5GWh4rZG89erpOBOJjU/OBsnCVFfapsRz6nEA=="],

    "lightningcss": ["lightningcss@1.29.3", "", { "dependencies": { "detect-libc": "^2.0.3" }, "optionalDependencies": { "lightningcss-darwin-arm64": "1.29.3", "lightningcss-darwin-x64": "1.29.3", "lightningcss-freebsd-x64": "1.29.3", "lightningcss-linux-arm-gnueabihf": "1.29.3", "lightningcss-linux-arm64-gnu": "1.29.3", "lightningcss-linux-arm64-musl": "1.29.3", "lightningcss-linux-x64-gnu": "1.29.3", "lightningcss-linux-x64-musl": "1.29.3", "lightningcss-win32-arm64-msvc": "1.29.3", "lightningcss-win32-x64-msvc": "1.29.3" } }, "sha512-GlOJwTIP6TMIlrTFsxTerwC0W6OpQpCGuX1ECRLBUVRh6fpJH3xTqjCjRgQHTb4ZXexH9rtHou1Lf03GKzmhhQ=="],

    "lightningcss-darwin-arm64": ["lightningcss-darwin-arm64@1.29.3", "", { "os": "darwin", "cpu": "arm64" }, "sha512-fb7raKO3pXtlNbQbiMeEu8RbBVHnpyqAoxTyTRMEWFQWmscGC2wZxoHzZ+YKAepUuKT9uIW5vL2QbFivTgprZg=="],

    "lightningcss-darwin-x64": ["lightningcss-darwin-x64@1.29.3", "", { "os": "darwin", "cpu": "x64" }, "sha512-KF2XZ4ZdmDGGtEYmx5wpzn6u8vg7AdBHaEOvDKu8GOs7xDL/vcU2vMKtTeNe1d4dogkDdi3B9zC77jkatWBwEQ=="],

    "lightningcss-freebsd-x64": ["lightningcss-freebsd-x64@1.29.3", "", { "os": "freebsd", "cpu": "x64" }, "sha512-VUWeVf+V1UM54jv9M4wen9vMlIAyT69Krl9XjI8SsRxz4tdNV/7QEPlW6JASev/pYdiynUCW0pwaFquDRYdxMw=="],

    "lightningcss-linux-arm-gnueabihf": ["lightningcss-linux-arm-gnueabihf@1.29.3", "", { "os": "linux", "cpu": "arm" }, "sha512-UhgZ/XVNfXQVEJrMIWeK1Laj8KbhjbIz7F4znUk7G4zeGw7TRoJxhb66uWrEsonn1+O45w//0i0Fu0wIovYdYg=="],

    "lightningcss-linux-arm64-gnu": ["lightningcss-linux-arm64-gnu@1.29.3", "", { "os": "linux", "cpu": "arm64" }, "sha512-Pqau7jtgJNmQ/esugfmAT1aCFy/Gxc92FOxI+3n+LbMHBheBnk41xHDhc0HeYlx9G0xP5tK4t0Koy3QGGNqypw=="],

    "lightningcss-linux-arm64-musl": ["lightningcss-linux-arm64-musl@1.29.3", "", { "os": "linux", "cpu": "arm64" }, "sha512-dxakOk66pf7KLS7VRYFO7B8WOJLecE5OPL2YOk52eriFd/yeyxt2Km5H0BjLfElokIaR+qWi33gB8MQLrdAY3A=="],

    "lightningcss-linux-x64-gnu": ["lightningcss-linux-x64-gnu@1.29.3", "", { "os": "linux", "cpu": "x64" }, "sha512-ySZTNCpbfbK8rqpKJeJR2S0g/8UqqV3QnzcuWvpI60LWxnFN91nxpSSwCbzfOXkzKfar9j5eOuOplf+klKtINg=="],

    "lightningcss-linux-x64-musl": ["lightningcss-linux-x64-musl@1.29.3", "", { "os": "linux", "cpu": "x64" }, "sha512-3pVZhIzW09nzi10usAXfIGTTSTYQ141dk88vGFNCgawIzayiIzZQxEcxVtIkdvlEq2YuFsL9Wcj/h61JHHzuFQ=="],

    "lightningcss-win32-arm64-msvc": ["lightningcss-win32-arm64-msvc@1.29.3", "", { "os": "win32", "cpu": "arm64" }, "sha512-VRnkAvtIkeWuoBJeGOTrZxsNp4HogXtcaaLm8agmbYtLDOhQdpgxW6NjZZjDXbvGF+eOehGulXZ3C1TiwHY4QQ=="],

    "lightningcss-win32-x64-msvc": ["lightningcss-win32-x64-msvc@1.29.3", "", { "os": "win32", "cpu": "x64" }, "sha512-IszwRPu2cPnDQsZpd7/EAr0x2W7jkaWqQ1SwCVIZ/tSbZVXPLt6k8s6FkcyBjViCzvB5CW0We0QbbP7zp2aBjQ=="],

    "locate-path": ["locate-path@7.2.0", "", { "dependencies": { "p-locate": "^6.0.0" } }, "sha512-gvVijfZvn7R+2qyPX8mAuKcFGDf6Nc61GdvGafQsHL0sBIxfKzA+usWn4GFC/bk+QdwPUD4kWFJLhElipq+0VA=="],

    "lower-case": ["lower-case@2.0.2", "", { "dependencies": { "tslib": "^2.0.3" } }, "sha512-7fm3l3NAF9WfN6W3JOmf5drwpVqX78JtoGJ3A6W0a6ZnldM41w2fV5D490psKFTpMds8TJse/eHLFFsNHHjHgg=="],

    "memoirist": ["memoirist@0.3.0", "", {}, "sha512-wR+4chMgVPq+T6OOsk40u9Wlpw1Pjx66NMNiYxCQQ4EUJ7jDs3D9kTCeKdBOkvAiqXlHLVJlvYL01PvIJ1MPNg=="],

    "minify": ["minify@14.0.0", "", { "dependencies": { "@putout/minify": "^5.0.0", "@swc/core": "^1.6.7", "clean-css": "^5.0.1", "css-b64-images": "~0.2.5", "debug": "^4.1.0", "esbuild": "^0.25.1", "find-up": "^7.0.0", "html-minifier-terser": "^7.1.0", "lightningcss": "^1.28.1", "montag": "^1.2.1", "readjson": "^2.2.2", "simport": "^1.2.0", "terser": "^5.28.1", "try-catch": "^3.0.0", "try-to-catch": "^3.0.0" }, "bin": { "minify": "bin/minify.js" } }, "sha512-vFM9k94b8admPvIuCJnsTy2Fl5yQHmlCJeIFALdJ7fyc0FkddrT2bGGGzmngLHw3B66esP5RAa/I6R+A5mTjyA=="],

    "minipass": ["minipass@7.1.2", "", {}, "sha512-qOOzS1cBTWYF4BH8fVePDBOO9iptMnGUEZwNc/cMWnTV2nVLZ7VoNWEPHkYczZA0pdoA7dl6e7FL659nX9S2aw=="],

    "minizlib": ["minizlib@3.0.2", "", { "dependencies": { "minipass": "^7.1.2" } }, "sha512-oG62iEk+CYt5Xj2YqI5Xi9xWUeZhDI8jjQmC5oThVH5JGCTgIjr7ciJDzC7MBzYd//WvR1OTmP5Q38Q8ShQtVA=="],

    "mkdirp": ["mkdirp@3.0.1", "", { "bin": { "mkdirp": "dist/cjs/src/bin.js" } }, "sha512-+NsyUUAZDmo6YVHzL/stxSu3t9YS1iljliy3BSDrXJ/dkn1KYdmtZODGGjLcc9XLgVVpH4KshHB8XmZgMhaBXg=="],

    "montag": ["montag@1.2.1", "", {}, "sha512-YFuR6t5KhDlmAnUmVSxGzNcpWqSDqxbd95tvnEnn7X9yFv7g3kDFoRjwyGayVdF/NNoWk7YW7IxUjilnGnoC5Q=="],

    "ms": ["ms@2.1.3", "", {}, "sha512-6FlzubTLZG3J2a/NVCAleEhjzq5oxgHyaCU9yYXvcLsvoVaHJq/s5xXI6/XXP6tz7R9xAOtHnSO/tXtF3WRTlA=="],

    "no-case": ["no-case@3.0.4", "", { "dependencies": { "lower-case": "^2.0.2", "tslib": "^2.0.3" } }, "sha512-fgAN3jGAh+RoxUGZHTSOLJIqUc2wmoBwGR4tbpNAKmmovFoWq0OdRkb0VkldReO2a2iBT/OEulG9XSUc10r3zg=="],

    "node-cache": ["node-cache@5.1.2", "", { "dependencies": { "clone": "2.x" } }, "sha512-t1QzWwnk4sjLWaQAS8CHgOJ+RAfmHpxFWmc36IWTiWHQfs0w5JDMBS1b1ZxQteo0vVVuWJvIUKHDkkeK7vIGCg=="],

    "openapi-types": ["openapi-types@12.1.3", "", {}, "sha512-N4YtSYJqghVu4iek2ZUvcN/0aqH1kRDuNqzcycDxhOUpg7GdvLa2F3DgS6yBNhInhv2r/6I0Flkn7CqL8+nIcw=="],

    "p-limit": ["p-limit@4.0.0", "", { "dependencies": { "yocto-queue": "^1.0.0" } }, "sha512-5b0R4txpzjPWVw/cXXUResoD4hb6U/x9BH08L7nw+GN1sezDzPdxeRvpc9c433fZhBan/wusjbCsqwqm4EIBIQ=="],

    "p-locate": ["p-locate@6.0.0", "", { "dependencies": { "p-limit": "^4.0.0" } }, "sha512-wPrq66Llhl7/4AGC6I+cqxT07LhXvWL08LNXz1fENOw0Ap4sRZZ/gZpTTJ5jpurzzzfS2W/Ge9BY3LgLjCShcw=="],

    "param-case": ["param-case@3.0.4", "", { "dependencies": { "dot-case": "^3.0.4", "tslib": "^2.0.3" } }, "sha512-RXlj7zCYokReqWpOPH9oYivUzLYZ5vAPIfEmCTNViosC78F8F0H9y7T7gG2M39ymgutxF5gcFEsyZQSph9Bp3A=="],

    "pascal-case": ["pascal-case@3.1.2", "", { "dependencies": { "no-case": "^3.0.4", "tslib": "^2.0.3" } }, "sha512-uWlGT3YSnK9x3BQJaOdcZwrnV6hPpd8jFH1/ucpiLRPh/2zCVJKS19E4GvYHvaCcACn3foXZ0cLB9Wrx1KGe5g=="],

    "path-exists": ["path-exists@5.0.0", "", {}, "sha512-RjhtfwJOxzcFmNOi6ltcbcu4Iu+FL3zEj83dk4kAS+fVpTxXLO1b38RvJgT/0QwvV/L3aY9TAnyv0EOqW4GoMQ=="],

    "prisma": ["prisma@6.6.0", "", { "dependencies": { "@prisma/config": "6.6.0", "@prisma/engines": "6.6.0" }, "optionalDependencies": { "fsevents": "2.3.3" }, "peerDependencies": { "typescript": ">=5.1.0" }, "optionalPeers": ["typescript"], "bin": { "prisma": "build/index.js" } }, "sha512-SYCUykz+1cnl6Ugd8VUvtTQq5+j1Q7C0CtzKPjQ8JyA2ALh0EEJkMCS+KgdnvKW1lrxjtjCyJSHOOT236mENYg=="],

    "readjson": ["readjson@2.2.2", "", { "dependencies": { "jju": "^1.4.0", "try-catch": "^3.0.0" } }, "sha512-PdeC9tsmLWBiL8vMhJvocq+OezQ3HhsH2HrN7YkhfYcTjQSa/iraB15A7Qvt7Xpr0Yd2rDNt6GbFwVQDg3HcAw=="],

    "relateurl": ["relateurl@0.2.7", "", {}, "sha512-G08Dxvm4iDN3MLM0EsP62EDV9IuhXPR6blNz6Utcp7zyV3tr4HVNINt6MpaRWbxoOHT3Q7YN2P+jaHX8vUbgog=="],

    "simport": ["simport@1.2.0", "", { "dependencies": { "readjson": "^2.2.0", "try-to-catch": "^3.0.0" } }, "sha512-85Bm7pKsqiiQ8rmYCaPDdlXZjJvuW6/k/FY8MTtLFMgU7f8S00CgTHfRtWB6KwSb6ek4p9YyG2enG1+yJbl+CA=="],

    "source-map": ["source-map@0.6.1", "", {}, "sha512-UjgapumWlbMhkBgzT7Ykc5YXUT46F0iKu8SGXq0bcwP5dz/h0Plj6enJqjz1Zbq2l5WaqYnrVbwWOWMyF3F47g=="],

    "source-map-support": ["source-map-support@0.5.21", "", { "dependencies": { "buffer-from": "^1.0.0", "source-map": "^0.6.0" } }, "sha512-uBHU3L3czsIyYXKX88fdrGovxdSCoTGDRZ6SYXtSRxLZUzHg5P/66Ht6uoUlHu9EZod+inXhKo3qQgwXUT/y1w=="],

    "tar": ["tar@7.4.3", "", { "dependencies": { "@isaacs/fs-minipass": "^4.0.0", "chownr": "^3.0.0", "minipass": "^7.1.2", "minizlib": "^3.0.1", "mkdirp": "^3.0.1", "yallist": "^5.0.0" } }, "sha512-5S7Va8hKfV7W5U6g3aYxXmlPoZVAwUMy9AOKyF2fVuZa2UD3qZjg578OrLRt8PcNN1PleVaL/5/yYATNL0ICUw=="],

    "terser": ["terser@5.39.0", "", { "dependencies": { "@jridgewell/source-map": "^0.3.3", "acorn": "^8.8.2", "commander": "^2.20.0", "source-map-support": "~0.5.20" }, "bin": { "terser": "bin/terser" } }, "sha512-LBAhFyLho16harJoWMg/nZsQYgTrg5jXOn2nCYjRUcZZEdE3qa2zb8QEDRUGVZBW4rlazf2fxkg8tztybTaqWw=="],

    "try-catch": ["try-catch@3.0.1", "", {}, "sha512-91yfXw1rr/P6oLpHSyHDOHm0vloVvUoo9FVdw8YwY05QjJQG9OT0LUxe2VRAzmHG+0CUOmI3nhxDUMLxDN/NEQ=="],

    "try-to-catch": ["try-to-catch@3.0.1", "", {}, "sha512-hOY83V84Hx/1sCzDSaJA+Xz2IIQOHRvjxzt+F0OjbQGPZ6yLPLArMA0gw/484MlfUkQbCpKYMLX3VDCAjWKfzQ=="],

    "tslib": ["tslib@2.8.1", "", {}, "sha512-oJFu94HQb+KVduSUQL7wnpmqnfmLsOA/nAh6b6EH0wCEoK0/mPeXU6c3wKDV83MkOuHPRHtSXKKU99IBazS/2w=="],

    "typescript": ["typescript@5.8.3", "", { "bin": { "tsc": "bin/tsc", "tsserver": "bin/tsserver" } }, "sha512-p1diW6TqL9L07nNxvRMM7hMMw4c5XOo/1ibL4aAIGmSAt9slTE1Xgw5KWuof2uTOvCg9BY7ZRi+GaF+7sfgPeQ=="],

    "undici-types": ["undici-types@6.21.0", "", {}, "sha512-iwDZqg0QAGrg9Rav5H4n0M64c3mkR59cJ6wQp+7C4nI0gsmExaedaYLNO44eT4AtBBwjbTiGPMlt2Md0T9H9JQ=="],

    "unicorn-magic": ["unicorn-magic@0.1.0", "", {}, "sha512-lRfVq8fE8gz6QMBuDM6a+LO3IAzTi05H6gCVaUpir2E1Rwpo4ZUog45KpNXKC/Mn3Yb9UDuHumeFTo9iV/D9FQ=="],

    "yallist": ["yallist@5.0.0", "", {}, "sha512-YgvUTfwqyc7UXVMrB+SImsVYSmTS8X/tSrtdNZMImM+n7+QTriRXyXim0mBrTXNeqzVF0KWGgHPeiyViFFrNDw=="],

    "yocto-queue": ["yocto-queue@1.2.1", "", {}, "sha512-AyeEbWOu/TAXdxlV9wmGcR0+yh2j3vYPGOECcIj2S7MkrLyC7ne+oye2BKTItt0ii2PHk4cDy+95+LshzbXnGg=="],

    "html-minifier-terser/commander": ["commander@10.0.1", "", {}, "sha512-y4Mg2tXshplEbSGzx7amzPwKKOCGuoSRP/CjEdwwk0FOGlUbq6lKuoyDZTNZkmxHdJtp54hdfY/JUrdL7Xfdug=="],
  }
}
